// !$*UTF8*$!
{
	archiveVersion = 1;
	classes = {
	};
	objectVersion = 56;
	objects = {

/* Begin PBXBuildFile section */
		6E10A9FB2A3289B300BC925B /* EventTrackerApp.swift in Sources */ = {isa = PBXBuildFile; fileRef = 6E10A9FA2A3289B300BC925B /* EventTrackerApp.swift */; };
		6E10A9FD2A3289B300BC925B /* HomeView.swift in Sources */ = {isa = PBXBuildFile; fileRef = 6E10A9FC2A3289B300BC925B /* HomeView.swift */; };
		6E10A9FF2A3289B500BC925B /* Assets.xcassets in Resources */ = {isa = PBXBuildFile; fileRef = 6E10A9FE2A3289B500BC925B /* Assets.xcassets */; };
		6E10AA022A3289B500BC925B /* Preview Assets.xcassets in Resources */ = {isa = PBXBuildFile; fileRef = 6E10AA012A3289B500BC925B /* Preview Assets.xcassets */; };
		6E10AA0C2A3289B600BC925B /* EventTrackerTests.swift in Sources */ = {isa = PBXBuildFile; fileRef = 6E10AA0B2A3289B600BC925B /* EventTrackerTests.swift */; };
		6E10AA162A3289B600BC925B /* EventTrackerUITests.swift in Sources */ = {isa = PBXBuildFile; fileRef = 6E10AA152A3289B600BC925B /* EventTrackerUITests.swift */; };
		6E10AA182A3289B600BC925B /* EventTrackerUITestsLaunchTests.swift in Sources */ = {isa = PBXBuildFile; fileRef = 6E10AA172A3289B600BC925B /* EventTrackerUITestsLaunchTests.swift */; };
		6E8D5D412A32CA8C0088EF93 /* EventModels.swift in Sources */ = {isa = PBXBuildFile; fileRef = 6E8D5D402A32CA8C0088EF93 /* EventModels.swift */; };
		6E8D5D452A32D4C90088EF93 /* Extensions.swift in Sources */ = {isa = PBXBuildFile; fileRef = 6E8D5D442A32D4C90088EF93 /* Extensions.swift */; };
		6E8D5D462A32E0F30088EF93 /* EventModels.swift in Sources */ = {isa = PBXBuildFile; fileRef = 6E8D5D402A32CA8C0088EF93 /* EventModels.swift */; };
		6E8D5D472A32E1050088EF93 /* Extensions.swift in Sources */ = {isa = PBXBuildFile; fileRef = 6E8D5D442A32D4C90088EF93 /* Extensions.swift */; };
		6E8D5D492A32E1240088EF93 /* DateUtils.swift in Sources */ = {isa = PBXBuildFile; fileRef = 6E8D5D482A32E1240088EF93 /* DateUtils.swift */; };
		6E8D5D4B2A32EED80088EF93 /* HomeViewModel.swift in Sources */ = {isa = PBXBuildFile; fileRef = 6E8D5D4A2A32EED80088EF93 /* HomeViewModel.swift */; };
		6E8D5D4F2A32FF5C0088EF93 /* EventListItem.swift in Sources */ = {isa = PBXBuildFile; fileRef = 6E8D5D4E2A32FF5C0088EF93 /* EventListItem.swift */; };
		6E8D5D512A330E860088EF93 /* EventGeneratorView.swift in Sources */ = {isa = PBXBuildFile; fileRef = 6E8D5D502A330E860088EF93 /* EventGeneratorView.swift */; };
		6E8D5D532A33206F0088EF93 /* EventDetailsView.swift in Sources */ = {isa = PBXBuildFile; fileRef = 6E8D5D522A33206F0088EF93 /* EventDetailsView.swift */; };
		6E8D5D552A3327BB0088EF93 /* EventSearchView.swift in Sources */ = {isa = PBXBuildFile; fileRef = 6E8D5D542A3327BB0088EF93 /* EventSearchView.swift */; };
/* End PBXBuildFile section */

/* Begin PBXContainerItemProxy section */
		6E10AA082A3289B600BC925B /* PBXContainerItemProxy */ = {
			isa = PBXContainerItemProxy;
			containerPortal = 6E10A9EF2A3289B200BC925B /* Project object */;
			proxyType = 1;
			remoteGlobalIDString = 6E10A9F62A3289B300BC925B;
			remoteInfo = EventTracker;
		};
		6E10AA122A3289B600BC925B /* PBXContainerItemProxy */ = {
			isa = PBXContainerItemProxy;
			containerPortal = 6E10A9EF2A3289B200BC925B /* Project object */;
			proxyType = 1;
			remoteGlobalIDString = 6E10A9F62A3289B300BC925B;
			remoteInfo = EventTracker;
		};
/* End PBXContainerItemProxy section */

/* Begin PBXFileReference section */
		6E10A9F72A3289B300BC925B /* EventTracker.app */ = {isa = PBXFileReference; explicitFileType = wrapper.application; includeInIndex = 0; path = EventTracker.app; sourceTree = BUILT_PRODUCTS_DIR; };
		6E10A9FA2A3289B300BC925B /* EventTrackerApp.swift */ = {isa = PBXFileReference; lastKnownFileType = sourcecode.swift; path = EventTrackerApp.swift; sourceTree = "<group>"; };
		6E10A9FC2A3289B300BC925B /* HomeView.swift */ = {isa = PBXFileReference; lastKnownFileType = sourcecode.swift; path = HomeView.swift; sourceTree = "<group>"; };
		6E10A9FE2A3289B500BC925B /* Assets.xcassets */ = {isa = PBXFileReference; lastKnownFileType = folder.assetcatalog; path = Assets.xcassets; sourceTree = "<group>"; };
		6E10AA012A3289B500BC925B /* Preview Assets.xcassets */ = {isa = PBXFileReference; lastKnownFileType = folder.assetcatalog; path = "Preview Assets.xcassets"; sourceTree = "<group>"; };
		6E10AA072A3289B600BC925B /* EventTrackerTests.xctest */ = {isa = PBXFileReference; explicitFileType = wrapper.cfbundle; includeInIndex = 0; path = EventTrackerTests.xctest; sourceTree = BUILT_PRODUCTS_DIR; };
		6E10AA0B2A3289B600BC925B /* EventTrackerTests.swift */ = {isa = PBXFileReference; lastKnownFileType = sourcecode.swift; path = EventTrackerTests.swift; sourceTree = "<group>"; };
		6E10AA112A3289B600BC925B /* EventTrackerUITests.xctest */ = {isa = PBXFileReference; explicitFileType = wrapper.cfbundle; includeInIndex = 0; path = EventTrackerUITests.xctest; sourceTree = BUILT_PRODUCTS_DIR; };
		6E10AA152A3289B600BC925B /* EventTrackerUITests.swift */ = {isa = PBXFileReference; lastKnownFileType = sourcecode.swift; path = EventTrackerUITests.swift; sourceTree = "<group>"; };
		6E10AA172A3289B600BC925B /* EventTrackerUITestsLaunchTests.swift */ = {isa = PBXFileReference; lastKnownFileType = sourcecode.swift; path = EventTrackerUITestsLaunchTests.swift; sourceTree = "<group>"; };
		6E8D5D402A32CA8C0088EF93 /* EventModels.swift */ = {isa = PBXFileReference; lastKnownFileType = sourcecode.swift; path = EventModels.swift; sourceTree = "<group>"; };
		6E8D5D442A32D4C90088EF93 /* Extensions.swift */ = {isa = PBXFileReference; lastKnownFileType = sourcecode.swift; path = Extensions.swift; sourceTree = "<group>"; };
		6E8D5D482A32E1240088EF93 /* DateUtils.swift */ = {isa = PBXFileReference; lastKnownFileType = sourcecode.swift; path = DateUtils.swift; sourceTree = "<group>"; };
		6E8D5D4A2A32EED80088EF93 /* HomeViewModel.swift */ = {isa = PBXFileReference; lastKnownFileType = sourcecode.swift; path = HomeViewModel.swift; sourceTree = "<group>"; };
		6E8D5D4E2A32FF5C0088EF93 /* EventListItem.swift */ = {isa = PBXFileReference; lastKnownFileType = sourcecode.swift; path = EventListItem.swift; sourceTree = "<group>"; };
		6E8D5D502A330E860088EF93 /* EventGeneratorView.swift */ = {isa = PBXFileReference; lastKnownFileType = sourcecode.swift; path = EventGeneratorView.swift; sourceTree = "<group>"; };
		6E8D5D522A33206F0088EF93 /* EventDetailsView.swift */ = {isa = PBXFileReference; lastKnownFileType = sourcecode.swift; path = EventDetailsView.swift; sourceTree = "<group>"; };
		6E8D5D542A3327BB0088EF93 /* EventSearchView.swift */ = {isa = PBXFileReference; lastKnownFileType = sourcecode.swift; path = EventSearchView.swift; sourceTree = "<group>"; };
/* End PBXFileReference section */

/* Begin PBXFrameworksBuildPhase section */
		6E10A9F42A3289B300BC925B /* Frameworks */ = {
			isa = PBXFrameworksBuildPhase;
			buildActionMask = 2147483647;
			files = (
			);
			runOnlyForDeploymentPostprocessing = 0;
		};
		6E10AA042A3289B600BC925B /* Frameworks */ = {
			isa = PBXFrameworksBuildPhase;
			buildActionMask = 2147483647;
			files = (
			);
			runOnlyForDeploymentPostprocessing = 0;
		};
		6E10AA0E2A3289B600BC925B /* Frameworks */ = {
			isa = PBXFrameworksBuildPhase;
			buildActionMask = 2147483647;
			files = (
			);
			runOnlyForDeploymentPostprocessing = 0;
		};
/* End PBXFrameworksBuildPhase section */

/* Begin PBXGroup section */
		6E10A9EE2A3289B200BC925B = {
			isa = PBXGroup;
			children = (
				6E10A9F92A3289B300BC925B /* EventTracker */,
				6E10AA0A2A3289B600BC925B /* EventTrackerTests */,
				6E10AA142A3289B600BC925B /* EventTrackerUITests */,
				6E10A9F82A3289B300BC925B /* Products */,
			);
			sourceTree = "<group>";
		};
		6E10A9F82A3289B300BC925B /* Products */ = {
			isa = PBXGroup;
			children = (
				6E10A9F72A3289B300BC925B /* EventTracker.app */,
				6E10AA072A3289B600BC925B /* EventTrackerTests.xctest */,
				6E10AA112A3289B600BC925B /* EventTrackerUITests.xctest */,
			);
			name = Products;
			sourceTree = "<group>";
		};
		6E10A9F92A3289B300BC925B /* EventTracker */ = {
			isa = PBXGroup;
			children = (
				6E8D5D432A32D4A20088EF93 /* Utility */,
				6E8D5D3F2A32CA6B0088EF93 /* Models */,
				6E8D5D3E2A32CA570088EF93 /* ViewModels */,
				6E8D5D3D2A32CA240088EF93 /* UI */,
				6E8D5D3C2A32CA0B0088EF93 /* App */,
				6E10A9FE2A3289B500BC925B /* Assets.xcassets */,
				6E10AA002A3289B500BC925B /* Preview Content */,
			);
			path = EventTracker;
			sourceTree = "<group>";
		};
		6E10AA002A3289B500BC925B /* Preview Content */ = {
			isa = PBXGroup;
			children = (
				6E10AA012A3289B500BC925B /* Preview Assets.xcassets */,
			);
			path = "Preview Content";
			sourceTree = "<group>";
		};
		6E10AA0A2A3289B600BC925B /* EventTrackerTests */ = {
			isa = PBXGroup;
			children = (
				6E10AA0B2A3289B600BC925B /* EventTrackerTests.swift */,
			);
			path = EventTrackerTests;
			sourceTree = "<group>";
		};
		6E10AA142A3289B600BC925B /* EventTrackerUITests */ = {
			isa = PBXGroup;
			children = (
				6E10AA152A3289B600BC925B /* EventTrackerUITests.swift */,
				6E10AA172A3289B600BC925B /* EventTrackerUITestsLaunchTests.swift */,
			);
			path = EventTrackerUITests;
			sourceTree = "<group>";
		};
		6E8D5D3C2A32CA0B0088EF93 /* App */ = {
			isa = PBXGroup;
			children = (
				6E10A9FA2A3289B300BC925B /* EventTrackerApp.swift */,
			);
			path = App;
			sourceTree = "<group>";
		};
		6E8D5D3D2A32CA240088EF93 /* UI */ = {
			isa = PBXGroup;
			children = (
				6E10A9FC2A3289B300BC925B /* HomeView.swift */,
				6E8D5D4A2A32EED80088EF93 /* HomeViewModel.swift */,
				6E8D5D4E2A32FF5C0088EF93 /* EventListItem.swift */,
				6E8D5D502A330E860088EF93 /* EventGeneratorView.swift */,
				6E8D5D522A33206F0088EF93 /* EventDetailsView.swift */,
				6E8D5D542A3327BB0088EF93 /* EventSearchView.swift */,
			);
			path = UI;
			sourceTree = "<group>";
		};
		6E8D5D3E2A32CA570088EF93 /* ViewModels */ = {
			isa = PBXGroup;
			children = (
			);
			path = ViewModels;
			sourceTree = "<group>";
		};
		6E8D5D3F2A32CA6B0088EF93 /* Models */ = {
			isa = PBXGroup;
			children = (
				6E8D5D402A32CA8C0088EF93 /* EventModels.swift */,
			);
			path = Models;
			sourceTree = "<group>";
		};
		6E8D5D432A32D4A20088EF93 /* Utility */ = {
			isa = PBXGroup;
			children = (
				6E8D5D442A32D4C90088EF93 /* Extensions.swift */,
				6E8D5D482A32E1240088EF93 /* DateUtils.swift */,
			);
			path = Utility;
			sourceTree = "<group>";
		};
/* End PBXGroup section */

/* Begin PBXNativeTarget section */
		6E10A9F62A3289B300BC925B /* EventTracker */ = {
			isa = PBXNativeTarget;
			buildConfigurationList = 6E10AA1B2A3289B600BC925B /* Build configuration list for PBXNativeTarget "EventTracker" */;
			buildPhases = (
				6E10A9F32A3289B300BC925B /* Sources */,
				6E10A9F42A3289B300BC925B /* Frameworks */,
				6E10A9F52A3289B300BC925B /* Resources */,
			);
			buildRules = (
			);
			dependencies = (
			);
			name = EventTracker;
			productName = EventTracker;
			productReference = 6E10A9F72A3289B300BC925B /* EventTracker.app */;
			productType = "com.apple.product-type.application";
		};
		6E10AA062A3289B600BC925B /* EventTrackerTests */ = {
			isa = PBXNativeTarget;
			buildConfigurationList = 6E10AA1E2A3289B600BC925B /* Build configuration list for PBXNativeTarget "EventTrackerTests" */;
			buildPhases = (
				6E10AA032A3289B600BC925B /* Sources */,
				6E10AA042A3289B600BC925B /* Frameworks */,
				6E10AA052A3289B600BC925B /* Resources */,
			);
			buildRules = (
			);
			dependencies = (
				6E10AA092A3289B600BC925B /* PBXTargetDependency */,
			);
			name = EventTrackerTests;
			productName = EventTrackerTests;
			productReference = 6E10AA072A3289B600BC925B /* EventTrackerTests.xctest */;
			productType = "com.apple.product-type.bundle.unit-test";
		};
		6E10AA102A3289B600BC925B /* EventTrackerUITests */ = {
			isa = PBXNativeTarget;
			buildConfigurationList = 6E10AA212A3289B600BC925B /* Build configuration list for PBXNativeTarget "EventTrackerUITests" */;
			buildPhases = (
				6E10AA0D2A3289B600BC925B /* Sources */,
				6E10AA0E2A3289B600BC925B /* Frameworks */,
				6E10AA0F2A3289B600BC925B /* Resources */,
			);
			buildRules = (
			);
			dependencies = (
				6E10AA132A3289B600BC925B /* PBXTargetDependency */,
			);
			name = EventTrackerUITests;
			productName = EventTrackerUITests;
			productReference = 6E10AA112A3289B600BC925B /* EventTrackerUITests.xctest */;
			productType = "com.apple.product-type.bundle.ui-testing";
		};
/* End PBXNativeTarget section */

/* Begin PBXProject section */
		6E10A9EF2A3289B200BC925B /* Project object */ = {
			isa = PBXProject;
			attributes = {
				BuildIndependentTargetsInParallel = 1;
				LastSwiftUpdateCheck = 1430;
				LastUpgradeCheck = 1430;
				TargetAttributes = {
					6E10A9F62A3289B300BC925B = {
						CreatedOnToolsVersion = 14.3;
					};
					6E10AA062A3289B600BC925B = {
						CreatedOnToolsVersion = 14.3;
						TestTargetID = 6E10A9F62A3289B300BC925B;
					};
					6E10AA102A3289B600BC925B = {
						CreatedOnToolsVersion = 14.3;
						TestTargetID = 6E10A9F62A3289B300BC925B;
					};
				};
			};
			buildConfigurationList = 6E10A9F22A3289B200BC925B /* Build configuration list for PBXProject "EventTracker" */;
			compatibilityVersion = "Xcode 14.0";
			developmentRegion = en;
			hasScannedForEncodings = 0;
			knownRegions = (
				en,
				Base,
			);
			mainGroup = 6E10A9EE2A3289B200BC925B;
			productRefGroup = 6E10A9F82A3289B300BC925B /* Products */;
			projectDirPath = "";
			projectRoot = "";
			targets = (
				6E10A9F62A3289B300BC925B /* EventTracker */,
				6E10AA062A3289B600BC925B /* EventTrackerTests */,
				6E10AA102A3289B600BC925B /* EventTrackerUITests */,
			);
		};
/* End PBXProject section */

/* Begin PBXResourcesBuildPhase section */
		6E10A9F52A3289B300BC925B /* Resources */ = {
			isa = PBXResourcesBuildPhase;
			buildActionMask = 2147483647;
			files = (
				6E10AA022A3289B500BC925B /* Preview Assets.xcassets in Resources */,
				6E10A9FF2A3289B500BC925B /* Assets.xcassets in Resources */,
			);
			runOnlyForDeploymentPostprocessing = 0;
		};
		6E10AA052A3289B600BC925B /* Resources */ = {
			isa = PBXResourcesBuildPhase;
			buildActionMask = 2147483647;
			files = (
			);
			runOnlyForDeploymentPostprocessing = 0;
		};
		6E10AA0F2A3289B600BC925B /* Resources */ = {
			isa = PBXResourcesBuildPhase;
			buildActionMask = 2147483647;
			files = (
			);
			runOnlyForDeploymentPostprocessing = 0;
		};
/* End PBXResourcesBuildPhase section */

/* Begin PBXSourcesBuildPhase section */
		6E10A9F32A3289B300BC925B /* Sources */ = {
			isa = PBXSourcesBuildPhase;
			buildActionMask = 2147483647;
			files = (
				6E10A9FD2A3289B300BC925B /* HomeView.swift in Sources */,
				6E10A9FB2A3289B300BC925B /* EventTrackerApp.swift in Sources */,
				6E8D5D492A32E1240088EF93 /* DateUtils.swift in Sources */,
				6E8D5D412A32CA8C0088EF93 /* EventModels.swift in Sources */,
				6E8D5D532A33206F0088EF93 /* EventDetailsView.swift in Sources */,
				6E8D5D4B2A32EED80088EF93 /* HomeViewModel.swift in Sources */,
				6E8D5D452A32D4C90088EF93 /* Extensions.swift in Sources */,
				6E8D5D552A3327BB0088EF93 /* EventSearchView.swift in Sources */,
				6E8D5D4F2A32FF5C0088EF93 /* EventListItem.swift in Sources */,
				6E8D5D512A330E860088EF93 /* EventGeneratorView.swift in Sources */,
			);
			runOnlyForDeploymentPostprocessing = 0;
		};
		6E10AA032A3289B600BC925B /* Sources */ = {
			isa = PBXSourcesBuildPhase;
			buildActionMask = 2147483647;
			files = (
				6E8D5D462A32E0F30088EF93 /* EventModels.swift in Sources */,
				6E8D5D472A32E1050088EF93 /* Extensions.swift in Sources */,
				6E10AA0C2A3289B600BC925B /* EventTrackerTests.swift in Sources */,
			);
			runOnlyForDeploymentPostprocessing = 0;
		};
		6E10AA0D2A3289B600BC925B /* Sources */ = {
			isa = PBXSourcesBuildPhase;
			buildActionMask = 2147483647;
			files = (
				6E10AA182A3289B600BC925B /* EventTrackerUITestsLaunchTests.swift in Sources */,
				6E10AA162A3289B600BC925B /* EventTrackerUITests.swift in Sources */,
			);
			runOnlyForDeploymentPostprocessing = 0;
		};
/* End PBXSourcesBuildPhase section */

/* Begin PBXTargetDependency section */
		6E10AA092A3289B600BC925B /* PBXTargetDependency */ = {
			isa = PBXTargetDependency;
			target = 6E10A9F62A3289B300BC925B /* EventTracker */;
			targetProxy = 6E10AA082A3289B600BC925B /* PBXContainerItemProxy */;
		};
		6E10AA132A3289B600BC925B /* PBXTargetDependency */ = {
			isa = PBXTargetDependency;
			target = 6E10A9F62A3289B300BC925B /* EventTracker */;
			targetProxy = 6E10AA122A3289B600BC925B /* PBXContainerItemProxy */;
		};
/* End PBXTargetDependency section */

/* Begin XCBuildConfiguration section */
		6E10AA192A3289B600BC925B /* Debug */ = {
			isa = XCBuildConfiguration;
			buildSettings = {
				ALWAYS_SEARCH_USER_PATHS = NO;
				CLANG_ANALYZER_NONNULL = YES;
				CLANG_ANALYZER_NUMBER_OBJECT_CONVERSION = YES_AGGRESSIVE;
				CLANG_CXX_LANGUAGE_STANDARD = "gnu++20";
				CLANG_ENABLE_MODULES = YES;
				CLANG_ENABLE_OBJC_ARC = YES;
				CLANG_ENABLE_OBJC_WEAK = YES;
				CLANG_WARN_BLOCK_CAPTURE_AUTORELEASING = YES;
				CLANG_WARN_BOOL_CONVERSION = YES;
				CLANG_WARN_COMMA = YES;
				CLANG_WARN_CONSTANT_CONVERSION = YES;
				CLANG_WARN_DEPRECATED_OBJC_IMPLEMENTATIONS = YES;
				CLANG_WARN_DIRECT_OBJC_ISA_USAGE = YES_ERROR;
				CLANG_WARN_DOCUMENTATION_COMMENTS = YES;
				CLANG_WARN_EMPTY_BODY = YES;
				CLANG_WARN_ENUM_CONVERSION = YES;
				CLANG_WARN_INFINITE_RECURSION = YES;
				CLANG_WARN_INT_CONVERSION = YES;
				CLANG_WARN_NON_LITERAL_NULL_CONVERSION = YES;
				CLANG_WARN_OBJC_IMPLICIT_RETAIN_SELF = YES;
				CLANG_WARN_OBJC_LITERAL_CONVERSION = YES;
				CLANG_WARN_OBJC_ROOT_CLASS = YES_ERROR;
				CLANG_WARN_QUOTED_INCLUDE_IN_FRAMEWORK_HEADER = YES;
				CLANG_WARN_RANGE_LOOP_ANALYSIS = YES;
				CLANG_WARN_STRICT_PROTOTYPES = YES;
				CLANG_WARN_SUSPICIOUS_MOVE = YES;
				CLANG_WARN_UNGUARDED_AVAILABILITY = YES_AGGRESSIVE;
				CLANG_WARN_UNREACHABLE_CODE = YES;
				CLANG_WARN__DUPLICATE_METHOD_MATCH = YES;
				COPY_PHASE_STRIP = NO;
				DEBUG_INFORMATION_FORMAT = dwarf;
				ENABLE_STRICT_OBJC_MSGSEND = YES;
				ENABLE_TESTABILITY = YES;
				GCC_C_LANGUAGE_STANDARD = gnu11;
				GCC_DYNAMIC_NO_PIC = NO;
				GCC_NO_COMMON_BLOCKS = YES;
				GCC_OPTIMIZATION_LEVEL = 0;
				GCC_PREPROCESSOR_DEFINITIONS = (
					"DEBUG=1",
					"$(inherited)",
				);
				GCC_WARN_64_TO_32_BIT_CONVERSION = YES;
				GCC_WARN_ABOUT_RETURN_TYPE = YES_ERROR;
				GCC_WARN_UNDECLARED_SELECTOR = YES;
				GCC_WARN_UNINITIALIZED_AUTOS = YES_AGGRESSIVE;
				GCC_WARN_UNUSED_FUNCTION = YES;
				GCC_WARN_UNUSED_VARIABLE = YES;
				IPHONEOS_DEPLOYMENT_TARGET = 16.4;
				MTL_ENABLE_DEBUG_INFO = INCLUDE_SOURCE;
				MTL_FAST_MATH = YES;
				ONLY_ACTIVE_ARCH = YES;
				SDKROOT = iphoneos;
				SWIFT_ACTIVE_COMPILATION_CONDITIONS = DEBUG;
				SWIFT_OPTIMIZATION_LEVEL = "-Onone";
			};
			name = Debug;
		};
		6E10AA1A2A3289B600BC925B /* Release */ = {
			isa = XCBuildConfiguration;
			buildSettings = {
				ALWAYS_SEARCH_USER_PATHS = NO;
				CLANG_ANALYZER_NONNULL = YES;
				CLANG_ANALYZER_NUMBER_OBJECT_CONVERSION = YES_AGGRESSIVE;
				CLANG_CXX_LANGUAGE_STANDARD = "gnu++20";
				CLANG_ENABLE_MODULES = YES;
				CLANG_ENABLE_OBJC_ARC = YES;
				CLANG_ENABLE_OBJC_WEAK = YES;
				CLANG_WARN_BLOCK_CAPTURE_AUTORELEASING = YES;
				CLANG_WARN_BOOL_CONVERSION = YES;
				CLANG_WARN_COMMA = YES;
				CLANG_WARN_CONSTANT_CONVERSION = YES;
				CLANG_WARN_DEPRECATED_OBJC_IMPLEMENTATIONS = YES;
				CLANG_WARN_DIRECT_OBJC_ISA_USAGE = YES_ERROR;
				CLANG_WARN_DOCUMENTATION_COMMENTS = YES;
				CLANG_WARN_EMPTY_BODY = YES;
				CLANG_WARN_ENUM_CONVERSION = YES;
				CLANG_WARN_INFINITE_RECURSION = YES;
				CLANG_WARN_INT_CONVERSION = YES;
				CLANG_WARN_NON_LITERAL_NULL_CONVERSION = YES;
				CLANG_WARN_OBJC_IMPLICIT_RETAIN_SELF = YES;
				CLANG_WARN_OBJC_LITERAL_CONVERSION = YES;
				CLANG_WARN_OBJC_ROOT_CLASS = YES_ERROR;
				CLANG_WARN_QUOTED_INCLUDE_IN_FRAMEWORK_HEADER = YES;
				CLANG_WARN_RANGE_LOOP_ANALYSIS = YES;
				CLANG_WARN_STRICT_PROTOTYPES = YES;
				CLANG_WARN_SUSPICIOUS_MOVE = YES;
				CLANG_WARN_UNGUARDED_AVAILABILITY = YES_AGGRESSIVE;
				CLANG_WARN_UNREACHABLE_CODE = YES;
				CLANG_WARN__DUPLICATE_METHOD_MATCH = YES;
				COPY_PHASE_STRIP = NO;
				DEBUG_INFORMATION_FORMAT = "dwarf-with-dsym";
				ENABLE_NS_ASSERTIONS = NO;
				ENABLE_STRICT_OBJC_MSGSEND = YES;
				GCC_C_LANGUAGE_STANDARD = gnu11;
				GCC_NO_COMMON_BLOCKS = YES;
				GCC_WARN_64_TO_32_BIT_CONVERSION = YES;
				GCC_WARN_ABOUT_RETURN_TYPE = YES_ERROR;
				GCC_WARN_UNDECLARED_SELECTOR = YES;
				GCC_WARN_UNINITIALIZED_AUTOS = YES_AGGRESSIVE;
				GCC_WARN_UNUSED_FUNCTION = YES;
				GCC_WARN_UNUSED_VARIABLE = YES;
				IPHONEOS_DEPLOYMENT_TARGET = 16.4;
				MTL_ENABLE_DEBUG_INFO = NO;
				MTL_FAST_MATH = YES;
				SDKROOT = iphoneos;
				SWIFT_COMPILATION_MODE = wholemodule;
				SWIFT_OPTIMIZATION_LEVEL = "-O";
				VALIDATE_PRODUCT = YES;
			};
			name = Release;
		};
		6E10AA1C2A3289B600BC925B /* Debug */ = {
			isa = XCBuildConfiguration;
			buildSettings = {
				ASSETCATALOG_COMPILER_APPICON_NAME = AppIcon;
				ASSETCATALOG_COMPILER_GLOBAL_ACCENT_COLOR_NAME = AccentColor;
				CODE_SIGN_STYLE = Automatic;
				CURRENT_PROJECT_VERSION = 1;
				DEVELOPMENT_ASSET_PATHS = "\"EventTracker/Preview Content\"";
				ENABLE_PREVIEWS = YES;
				GENERATE_INFOPLIST_FILE = YES;
				INFOPLIST_KEY_UIApplicationSceneManifest_Generation = YES;
				INFOPLIST_KEY_UIApplicationSupportsIndirectInputEvents = YES;
				INFOPLIST_KEY_UILaunchScreen_Generation = YES;
				INFOPLIST_KEY_UISupportedInterfaceOrientations_iPad = "UIInterfaceOrientationPortrait UIInterfaceOrientationPortraitUpsideDown UIInterfaceOrientationLandscapeLeft UIInterfaceOrientationLandscapeRight";
				INFOPLIST_KEY_UISupportedInterfaceOrientations_iPhone = "UIInterfaceOrientationPortrait UIInterfaceOrientationLandscapeLeft UIInterfaceOrientationLandscapeRight";
				LD_RUNPATH_SEARCH_PATHS = (
					"$(inherited)",
					"@executable_path/Frameworks",
				);
				MARKETING_VERSION = 1.0;
				PRODUCT_BUNDLE_IDENTIFIER = mollah.yamin.EventTracker;
				PRODUCT_NAME = "$(TARGET_NAME)";
				SWIFT_EMIT_LOC_STRINGS = YES;
				SWIFT_VERSION = 5.0;
				TARGETED_DEVICE_FAMILY = "1,2";
			};
			name = Debug;
		};
		6E10AA1D2A3289B600BC925B /* Release */ = {
			isa = XCBuildConfiguration;
			buildSettings = {
				ASSETCATALOG_COMPILER_APPICON_NAME = AppIcon;
				ASSETCATALOG_COMPILER_GLOBAL_ACCENT_COLOR_NAME = AccentColor;
				CODE_SIGN_STYLE = Automatic;
				CURRENT_PROJECT_VERSION = 1;
				DEVELOPMENT_ASSET_PATHS = "\"EventTracker/Preview Content\"";
				ENABLE_PREVIEWS = YES;
				GENERATE_INFOPLIST_FILE = YES;
				INFOPLIST_KEY_UIApplicationSceneManifest_Generation = YES;
				INFOPLIST_KEY_UIApplicationSupportsIndirectInputEvents = YES;
				INFOPLIST_KEY_UILaunchScreen_Generation = YES;
				INFOPLIST_KEY_UISupportedInterfaceOrientations_iPad = "UIInterfaceOrientationPortrait UIInterfaceOrientationPortraitUpsideDown UIInterfaceOrientationLandscapeLeft UIInterfaceOrientationLandscapeRight";
				INFOPLIST_KEY_UISupportedInterfaceOrientations_iPhone = "UIInterfaceOrientationPortrait UIInterfaceOrientationLandscapeLeft UIInterfaceOrientationLandscapeRight";
				LD_RUNPATH_SEARCH_PATHS = (
					"$(inherited)",
					"@executable_path/Frameworks",
				);
				MARKETING_VERSION = 1.0;
				PRODUCT_BUNDLE_IDENTIFIER = mollah.yamin.EventTracker;
				PRODUCT_NAME = "$(TARGET_NAME)";
				SWIFT_EMIT_LOC_STRINGS = YES;
				SWIFT_VERSION = 5.0;
				TARGETED_DEVICE_FAMILY = "1,2";
			};
			name = Release;
		};
		6E10AA1F2A3289B600BC925B /* Debug */ = {
			isa = XCBuildConfiguration;
			buildSettings = {
				ALWAYS_EMBED_SWIFT_STANDARD_LIBRARIES = YES;
				BUNDLE_LOADER = "$(TEST_HOST)";
				CODE_SIGN_STYLE = Automatic;
				CURRENT_PROJECT_VERSION = 1;
				GENERATE_INFOPLIST_FILE = YES;
				IPHONEOS_DEPLOYMENT_TARGET = 16.4;
				MARKETING_VERSION = 1.0;
				PRODUCT_BUNDLE_IDENTIFIER = mollah.yamin.EventTrackerTests;
				PRODUCT_NAME = "$(TARGET_NAME)";
				SWIFT_EMIT_LOC_STRINGS = NO;
				SWIFT_VERSION = 5.0;
				TARGETED_DEVICE_FAMILY = "1,2";
				TEST_HOST = "$(BUILT_PRODUCTS_DIR)/EventTracker.app/$(BUNDLE_EXECUTABLE_FOLDER_PATH)/EventTracker";
			};
			name = Debug;
		};
		6E10AA202A3289B600BC925B /* Release */ = {
			isa = XCBuildConfiguration;
			buildSettings = {
				ALWAYS_EMBED_SWIFT_STANDARD_LIBRARIES = YES;
				BUNDLE_LOADER = "$(TEST_HOST)";
				CODE_SIGN_STYLE = Automatic;
				CURRENT_PROJECT_VERSION = 1;
				GENERATE_INFOPLIST_FILE = YES;
				IPHONEOS_DEPLOYMENT_TARGET = 16.4;
				MARKETING_VERSION = 1.0;
				PRODUCT_BUNDLE_IDENTIFIER = mollah.yamin.EventTrackerTests;
				PRODUCT_NAME = "$(TARGET_NAME)";
				SWIFT_EMIT_LOC_STRINGS = NO;
				SWIFT_VERSION = 5.0;
				TARGETED_DEVICE_FAMILY = "1,2";
				TEST_HOST = "$(BUILT_PRODUCTS_DIR)/EventTracker.app/$(BUNDLE_EXECUTABLE_FOLDER_PATH)/EventTracker";
			};
			name = Release;
		};
		6E10AA222A3289B600BC925B /* Debug */ = {
			isa = XCBuildConfiguration;
			buildSettings = {
				ALWAYS_EMBED_SWIFT_STANDARD_LIBRARIES = YES;
				CODE_SIGN_STYLE = Automatic;
				CURRENT_PROJECT_VERSION = 1;
				GENERATE_INFOPLIST_FILE = YES;
				MARKETING_VERSION = 1.0;
				PRODUCT_BUNDLE_IDENTIFIER = mollah.yamin.EventTrackerUITests;
				PRODUCT_NAME = "$(TARGET_NAME)";
				SWIFT_EMIT_LOC_STRINGS = NO;
				SWIFT_VERSION = 5.0;
				TARGETED_DEVICE_FAMILY = "1,2";
				TEST_TARGET_NAME = EventTracker;
			};
			name = Debug;
		};
		6E10AA232A3289B600BC925B /* Release */ = {
			isa = XCBuildConfiguration;
			buildSettings = {
				ALWAYS_EMBED_SWIFT_STANDARD_LIBRARIES = YES;
				CODE_SIGN_STYLE = Automatic;
				CURRENT_PROJECT_VERSION = 1;
				GENERATE_INFOPLIST_FILE = YES;
				MARKETING_VERSION = 1.0;
				PRODUCT_BUNDLE_IDENTIFIER = mollah.yamin.EventTrackerUITests;
				PRODUCT_NAME = "$(TARGET_NAME)";
				SWIFT_EMIT_LOC_STRINGS = NO;
				SWIFT_VERSION = 5.0;
				TARGETED_DEVICE_FAMILY = "1,2";
				TEST_TARGET_NAME = EventTracker;
			};
			name = Release;
		};
/* End XCBuildConfiguration section */

/* Begin XCConfigurationList section */
		6E10A9F22A3289B200BC925B /* Build configuration list for PBXProject "EventTracker" */ = {
			isa = XCConfigurationList;
			buildConfigurations = (
				6E10AA192A3289B600BC925B /* Debug */,
				6E10AA1A2A3289B600BC925B /* Release */,
			);
			defaultConfigurationIsVisible = 0;
			defaultConfigurationName = Release;
		};
		6E10AA1B2A3289B600BC925B /* Build configuration list for PBXNativeTarget "EventTracker" */ = {
			isa = XCConfigurationList;
			buildConfigurations = (
				6E10AA1C2A3289B600BC925B /* Debug */,
				6E10AA1D2A3289B600BC925B /* Release */,
			);
			defaultConfigurationIsVisible = 0;
			defaultConfigurationName = Release;
		};
		6E10AA1E2A3289B600BC925B /* Build configuration list for PBXNativeTarget "EventTrackerTests" */ = {
			isa = XCConfigurationList;
			buildConfigurations = (
				6E10AA1F2A3289B600BC925B /* Debug */,
				6E10AA202A3289B600BC925B /* Release */,
			);
			defaultConfigurationIsVisible = 0;
			defaultConfigurationName = Release;
		};
		6E10AA212A3289B600BC925B /* Build configuration list for PBXNativeTarget "EventTrackerUITests" */ = {
			isa = XCConfigurationList;
			buildConfigurations = (
				6E10AA222A3289B600BC925B /* Debug */,
				6E10AA232A3289B600BC925B /* Release */,
			);
			defaultConfigurationIsVisible = 0;
			defaultConfigurationName = Release;
		};
/* End XCConfigurationList section */
	};
	rootObject = 6E10A9EF2A3289B200BC925B /* Project object */;
}
